
Microsoft Visual Studio Solution File, Format Version 12.00
# Visual Studio 15
VisualStudioVersion = 15.0.27130.2010
MinimumVisualStudioVersion = 10.0.40219.1
Project("{FAE04EC0-301F-11D3-BF4B-00C04F79EFBC}") = "ConsoleApp1", "ConsoleApp1\ConsoleApp1.csproj", "{199F2006-4ADE-4217-9473-BA4CA09F11B0}"
EndProject
Project("{FAE04EC0-301F-11D3-BF4B-00C04F79EFBC}") = "ClassLibrary1", "ClassLibrary1\ClassLibrary1.csproj", "{4F908E41-63CB-48AE-8CE3-FD689E0A56AD}"
EndProject
Project("{FAE04EC0-301F-11D3-BF4B-00C04F79EFBC}") = "ClassLibrary1.UnitTests", "ClassLibrary1.UnitTests\ClassLibrary1.UnitTests.csproj", "{15169550-DCEE-4D5D-8DE2-DDE7177A68F5}"
EndProject
Project("{2150E333-8FDC-42A3-9474-1A3956D46DE8}") = "Deploy", "Deploy", "{C139D75A-9E57-48A2-BD57-435D445D2E84}"
	ProjectSection(SolutionItems) = preProject
		README.md = README.md
	EndProjectSection
EndProject
Global
	GlobalSection(SolutionConfigurationPlatforms) = preSolution
		Debug|Any CPU = Debug|Any CPU
		Release|Any CPU = Release|Any CPU
	EndGlobalSection
	GlobalSection(ProjectConfigurationPlatforms) = postSolution
		{199F2006-4ADE-4217-9473-BA4CA09F11B0}.Debug|Any CPU.ActiveCfg = Debug|Any CPU
		{199F2006-4ADE-4217-9473-BA4CA09F11B0}.Debug|Any CPU.Build.0 = Debug|Any CPU
		{199F2006-4ADE-4217-9473-BA4CA09F11B0}.Release|Any CPU.ActiveCfg = Release|Any CPU
		{199F2006-4ADE-4217-9473-BA4CA09F11B0}.Release|Any CPU.Build.0 = Release|Any CPU
		{4F908E41-63CB-48AE-8CE3-FD689E0A56AD}.Debug|Any CPU.ActiveCfg = Debug|Any CPU
		{4F908E41-63CB-48AE-8CE3-FD689E0A56AD}.Debug|Any CPU.Build.0 = Debug|Any CPU
		{4F908E41-63CB-48AE-8CE3-FD689E0A56AD}.Release|Any CPU.ActiveCfg = Release|Any CPU
		{4F908E41-63CB-48AE-8CE3-FD689E0A56AD}.Release|Any CPU.Build.0 = Release|Any CPU
		{15169550-DCEE-4D5D-8DE2-DDE7177A68F5}.Debug|Any CPU.ActiveCfg = Debug|Any CPU
		{15169550-DCEE-4D5D-8DE2-DDE7177A68F5}.Debug|Any CPU.Build.0 = Debug|Any CPU
		{15169550-DCEE-4D5D-8DE2-DDE7177A68F5}.Release|Any CPU.ActiveCfg = Release|Any CPU
		{15169550-DCEE-4D5D-8DE2-DDE7177A68F5}.Release|Any CPU.Build.0 = Release|Any CPU
	EndGlobalSection
	GlobalSection(SolutionProperties) = preSolution
		HideSolutionNode = FALSE
	EndGlobalSection
	GlobalSection(ExtensibilityGlobals) = postSolution
		SolutionGuid = {0F786DDB-7411-4004-8E91-5BA539CA62FF}
	EndGlobalSection
EndGlobal
