
Microsoft Visual Studio Solution File, Format Version 12.00
# Visual Studio 15
VisualStudioVersion = 15.0.27130.2036
MinimumVisualStudioVersion = 10.0.40219.1
Project("{2150E333-8FDC-42A3-9474-1A3956D46DE8}") = ".Deploy", ".Deploy", "{C139D75A-9E57-48A2-BD57-435D445D2E84}"
	ProjectSection(SolutionItems) = preProject
		default.runsettings = default.runsettings
		..\..\README.md = ..\..\README.md
		sonarcloud.cmd = sonarcloud.cmd
	EndProjectSection
EndProject
Project("{2150E333-8FDC-42A3-9474-1A3956D46DE8}") = ".SonarQube", ".SonarQube", "{142D1B08-417D-4028-8CB3-99DE6C356FDC}"
	ProjectSection(SolutionItems) = preProject
		SonarQube\SOLIDCSharp.ruleset = SonarQube\SOLIDCSharp.ruleset
		SonarQube\SolutionBinding.sqconfig = SonarQube\SolutionBinding.sqconfig
	EndProjectSection
EndProject
Project("{9A19103F-16F7-4668-BE54-9A1E7A4F7556}") = "Crosscutting.Contracts", "Crosscutting.Contracts\Crosscutting.Contracts.csproj", "{B04C572F-81A1-45B8-A45D-5EBCFF92D315}"
EndProject
Project("{9A19103F-16F7-4668-BE54-9A1E7A4F7556}") = "Crosscutting.Contracts.UnitTests", "Crosscutting.Contracts.UnitTests\Crosscutting.Contracts.UnitTests.csproj", "{66DC8D4D-01C9-46AB-9C84-033D40606DF0}"
EndProject
Project("{9A19103F-16F7-4668-BE54-9A1E7A4F7556}") = "Crosscutting.Validators", "Crosscutting.Validators\Crosscutting.Validators.csproj", "{51726A14-6C40-4E3F-B995-0A3EACB29BA5}"
EndProject
Project("{9A19103F-16F7-4668-BE54-9A1E7A4F7556}") = "Crosscutting.Validators.UnitTests", "Crosscutting.Validators.UnitTests\Crosscutting.Validators.UnitTests.csproj", "{9C3C9480-F469-4CEA-A949-B66F987E1571}"
EndProject
Project("{9A19103F-16F7-4668-BE54-9A1E7A4F7556}") = "Crosscutting.Caches", "Crosscutting.Caches\Crosscutting.Caches.csproj", "{F14C3C8A-4D54-4692-98DC-4FD7CD27F169}"
EndProject
Project("{9A19103F-16F7-4668-BE54-9A1E7A4F7556}") = "Crosscutting.Loggers", "Crosscutting.Loggers\Crosscutting.Loggers.csproj", "{F700380C-8301-4B59-B75B-3A6DB2ACDA40}"
EndProject
Project("{9A19103F-16F7-4668-BE54-9A1E7A4F7556}") = "Clients.ConsoleApp", "Clients.ConsoleApp\Clients.ConsoleApp.csproj", "{5D8FFD26-EE93-464A-BFE8-723173C2D0B6}"
EndProject
Project("{9A19103F-16F7-4668-BE54-9A1E7A4F7556}") = "Services.WebApi", "Services.WebApi\Services.WebApi.csproj", "{506448BB-CC9A-4617-83CC-3CD2B1643A26}"
EndProject
Project("{9A19103F-16F7-4668-BE54-9A1E7A4F7556}") = "Clients.WebApi.ConsoleApp.UnitTests", "Clients.WebApi.ConsoleApp.UnitTests\Clients.WebApi.ConsoleApp.UnitTests.csproj", "{62519423-2E62-494D-9CE9-A7F523052F62}"
EndProject
Project("{9A19103F-16F7-4668-BE54-9A1E7A4F7556}") = "Contracts.Agents", "Contracts.Agents\Contracts.Agents.csproj", "{AA90E5B4-A665-4253-BD3A-94CCF1B66324}"
EndProject
Project("{9A19103F-16F7-4668-BE54-9A1E7A4F7556}") = "Contracts.Agents.UnitTests", "Contracts.Agents.UnitTests\Contracts.Agents.UnitTests.csproj", "{A040F44B-57F3-4A1F-B08A-7E495723104F}"
EndProject
Project("{9A19103F-16F7-4668-BE54-9A1E7A4F7556}") = "Clients.WebApi.WebApp", "Clients.WebApi.WebApp\Clients.WebApi.WebApp.csproj", "{13C143A5-E467-4B0C-8694-EA819D316D8E}"
EndProject
Project("{9A19103F-16F7-4668-BE54-9A1E7A4F7556}") = "Clients.WebApi.ConsoleApp", "Clients.WebApi.ConsoleApp\Clients.WebApi.ConsoleApp.csproj", "{F1D1E320-8C36-4F10-A97F-ECA50A83FA73}"
EndProject
Project("{9A19103F-16F7-4668-BE54-9A1E7A4F7556}") = "Contexts.Contracts", "Contexts.Contracts\Contexts.Contracts.csproj", "{4A78B260-F0A8-4393-B104-3426174B7FF5}"
EndProject
Project("{2150E333-8FDC-42A3-9474-1A3956D46DE8}") = "Application (2-tier)", "Application (2-tier)", "{2AACD5CE-3E88-44CD-8E7C-326EAA8D20AB}"
EndProject
Project("{2150E333-8FDC-42A3-9474-1A3956D46DE8}") = "Frontends", "Frontends", "{8349179D-00C0-44A9-B8BB-847E56716F28}"
EndProject
Project("{9A19103F-16F7-4668-BE54-9A1E7A4F7556}") = "Dtos", "Dtos\Dtos.csproj", "{F564DB9A-3C01-420F-92BE-E0EC8A4DAB75}"
EndProject
Project("{9A19103F-16F7-4668-BE54-9A1E7A4F7556}") = "BusinessLogic", "BusinessLogic\BusinessLogic.csproj", "{D7CBEDDB-E082-44DC-B156-6F3B67717798}"
EndProject
Project("{9A19103F-16F7-4668-BE54-9A1E7A4F7556}") = "BusinessLogic.UnitTests", "BusinessLogic.UnitTests\BusinessLogic.UnitTests.csproj", "{84061266-02AE-4CB7-B12A-9F869D8D4A9D}"
EndProject
Project("{9A19103F-16F7-4668-BE54-9A1E7A4F7556}") = "BusinessLogic.Contexts", "BusinessLogic.Context\BusinessLogic.Contexts.csproj", "{7209AB34-9DE6-40E4-97E3-110053FCE865}"
EndProject
Project("{2150E333-8FDC-42A3-9474-1A3956D46DE8}") = "Crosscutting", "Crosscutting", "{00AC1671-3B55-4B38-BD1A-20EDD52D7D6B}"
EndProject
Global
	GlobalSection(SolutionConfigurationPlatforms) = preSolution
		Debug|Any CPU = Debug|Any CPU
		Debug|x86 = Debug|x86
		Release|Any CPU = Release|Any CPU
		Release|x86 = Release|x86
	EndGlobalSection
	GlobalSection(ProjectConfigurationPlatforms) = postSolution
		{B04C572F-81A1-45B8-A45D-5EBCFF92D315}.Debug|Any CPU.ActiveCfg = Debug|Any CPU
		{B04C572F-81A1-45B8-A45D-5EBCFF92D315}.Debug|Any CPU.Build.0 = Debug|Any CPU
		{B04C572F-81A1-45B8-A45D-5EBCFF92D315}.Debug|x86.ActiveCfg = Debug|Any CPU
		{B04C572F-81A1-45B8-A45D-5EBCFF92D315}.Debug|x86.Build.0 = Debug|Any CPU
		{B04C572F-81A1-45B8-A45D-5EBCFF92D315}.Release|Any CPU.ActiveCfg = Release|Any CPU
		{B04C572F-81A1-45B8-A45D-5EBCFF92D315}.Release|Any CPU.Build.0 = Release|Any CPU
		{B04C572F-81A1-45B8-A45D-5EBCFF92D315}.Release|x86.ActiveCfg = Release|Any CPU
		{B04C572F-81A1-45B8-A45D-5EBCFF92D315}.Release|x86.Build.0 = Release|Any CPU
		{66DC8D4D-01C9-46AB-9C84-033D40606DF0}.Debug|Any CPU.ActiveCfg = Debug|Any CPU
		{66DC8D4D-01C9-46AB-9C84-033D40606DF0}.Debug|Any CPU.Build.0 = Debug|Any CPU
		{66DC8D4D-01C9-46AB-9C84-033D40606DF0}.Debug|x86.ActiveCfg = Debug|Any CPU
		{66DC8D4D-01C9-46AB-9C84-033D40606DF0}.Debug|x86.Build.0 = Debug|Any CPU
		{66DC8D4D-01C9-46AB-9C84-033D40606DF0}.Release|Any CPU.ActiveCfg = Release|Any CPU
		{66DC8D4D-01C9-46AB-9C84-033D40606DF0}.Release|Any CPU.Build.0 = Release|Any CPU
		{66DC8D4D-01C9-46AB-9C84-033D40606DF0}.Release|x86.ActiveCfg = Release|Any CPU
		{66DC8D4D-01C9-46AB-9C84-033D40606DF0}.Release|x86.Build.0 = Release|Any CPU
		{51726A14-6C40-4E3F-B995-0A3EACB29BA5}.Debug|Any CPU.ActiveCfg = Debug|Any CPU
		{51726A14-6C40-4E3F-B995-0A3EACB29BA5}.Debug|Any CPU.Build.0 = Debug|Any CPU
		{51726A14-6C40-4E3F-B995-0A3EACB29BA5}.Debug|x86.ActiveCfg = Debug|Any CPU
		{51726A14-6C40-4E3F-B995-0A3EACB29BA5}.Debug|x86.Build.0 = Debug|Any CPU
		{51726A14-6C40-4E3F-B995-0A3EACB29BA5}.Release|Any CPU.ActiveCfg = Release|Any CPU
		{51726A14-6C40-4E3F-B995-0A3EACB29BA5}.Release|Any CPU.Build.0 = Release|Any CPU
		{51726A14-6C40-4E3F-B995-0A3EACB29BA5}.Release|x86.ActiveCfg = Release|Any CPU
		{51726A14-6C40-4E3F-B995-0A3EACB29BA5}.Release|x86.Build.0 = Release|Any CPU
		{9C3C9480-F469-4CEA-A949-B66F987E1571}.Debug|Any CPU.ActiveCfg = Debug|Any CPU
		{9C3C9480-F469-4CEA-A949-B66F987E1571}.Debug|Any CPU.Build.0 = Debug|Any CPU
		{9C3C9480-F469-4CEA-A949-B66F987E1571}.Debug|x86.ActiveCfg = Debug|Any CPU
		{9C3C9480-F469-4CEA-A949-B66F987E1571}.Debug|x86.Build.0 = Debug|Any CPU
		{9C3C9480-F469-4CEA-A949-B66F987E1571}.Release|Any CPU.ActiveCfg = Release|Any CPU
		{9C3C9480-F469-4CEA-A949-B66F987E1571}.Release|Any CPU.Build.0 = Release|Any CPU
		{9C3C9480-F469-4CEA-A949-B66F987E1571}.Release|x86.ActiveCfg = Release|Any CPU
		{9C3C9480-F469-4CEA-A949-B66F987E1571}.Release|x86.Build.0 = Release|Any CPU
		{F14C3C8A-4D54-4692-98DC-4FD7CD27F169}.Debug|Any CPU.ActiveCfg = Debug|Any CPU
		{F14C3C8A-4D54-4692-98DC-4FD7CD27F169}.Debug|Any CPU.Build.0 = Debug|Any CPU
		{F14C3C8A-4D54-4692-98DC-4FD7CD27F169}.Debug|x86.ActiveCfg = Debug|Any CPU
		{F14C3C8A-4D54-4692-98DC-4FD7CD27F169}.Debug|x86.Build.0 = Debug|Any CPU
		{F14C3C8A-4D54-4692-98DC-4FD7CD27F169}.Release|Any CPU.ActiveCfg = Release|Any CPU
		{F14C3C8A-4D54-4692-98DC-4FD7CD27F169}.Release|Any CPU.Build.0 = Release|Any CPU
		{F14C3C8A-4D54-4692-98DC-4FD7CD27F169}.Release|x86.ActiveCfg = Release|Any CPU
		{F14C3C8A-4D54-4692-98DC-4FD7CD27F169}.Release|x86.Build.0 = Release|Any CPU
		{F700380C-8301-4B59-B75B-3A6DB2ACDA40}.Debug|Any CPU.ActiveCfg = Debug|Any CPU
		{F700380C-8301-4B59-B75B-3A6DB2ACDA40}.Debug|Any CPU.Build.0 = Debug|Any CPU
		{F700380C-8301-4B59-B75B-3A6DB2ACDA40}.Debug|x86.ActiveCfg = Debug|Any CPU
		{F700380C-8301-4B59-B75B-3A6DB2ACDA40}.Debug|x86.Build.0 = Debug|Any CPU
		{F700380C-8301-4B59-B75B-3A6DB2ACDA40}.Release|Any CPU.ActiveCfg = Release|Any CPU
		{F700380C-8301-4B59-B75B-3A6DB2ACDA40}.Release|Any CPU.Build.0 = Release|Any CPU
		{F700380C-8301-4B59-B75B-3A6DB2ACDA40}.Release|x86.ActiveCfg = Release|Any CPU
		{F700380C-8301-4B59-B75B-3A6DB2ACDA40}.Release|x86.Build.0 = Release|Any CPU
		{5D8FFD26-EE93-464A-BFE8-723173C2D0B6}.Debug|Any CPU.ActiveCfg = Debug|Any CPU
		{5D8FFD26-EE93-464A-BFE8-723173C2D0B6}.Debug|Any CPU.Build.0 = Debug|Any CPU
		{5D8FFD26-EE93-464A-BFE8-723173C2D0B6}.Debug|x86.ActiveCfg = Debug|Any CPU
		{5D8FFD26-EE93-464A-BFE8-723173C2D0B6}.Debug|x86.Build.0 = Debug|Any CPU
		{5D8FFD26-EE93-464A-BFE8-723173C2D0B6}.Release|Any CPU.ActiveCfg = Release|Any CPU
		{5D8FFD26-EE93-464A-BFE8-723173C2D0B6}.Release|Any CPU.Build.0 = Release|Any CPU
		{5D8FFD26-EE93-464A-BFE8-723173C2D0B6}.Release|x86.ActiveCfg = Release|Any CPU
		{5D8FFD26-EE93-464A-BFE8-723173C2D0B6}.Release|x86.Build.0 = Release|Any CPU
		{506448BB-CC9A-4617-83CC-3CD2B1643A26}.Debug|Any CPU.ActiveCfg = Debug|Any CPU
		{506448BB-CC9A-4617-83CC-3CD2B1643A26}.Debug|Any CPU.Build.0 = Debug|Any CPU
		{506448BB-CC9A-4617-83CC-3CD2B1643A26}.Debug|x86.ActiveCfg = Debug|Any CPU
		{506448BB-CC9A-4617-83CC-3CD2B1643A26}.Debug|x86.Build.0 = Debug|Any CPU
		{506448BB-CC9A-4617-83CC-3CD2B1643A26}.Release|Any CPU.ActiveCfg = Release|Any CPU
		{506448BB-CC9A-4617-83CC-3CD2B1643A26}.Release|Any CPU.Build.0 = Release|Any CPU
		{506448BB-CC9A-4617-83CC-3CD2B1643A26}.Release|x86.ActiveCfg = Release|Any CPU
		{506448BB-CC9A-4617-83CC-3CD2B1643A26}.Release|x86.Build.0 = Release|Any CPU
		{62519423-2E62-494D-9CE9-A7F523052F62}.Debug|Any CPU.ActiveCfg = Debug|Any CPU
		{62519423-2E62-494D-9CE9-A7F523052F62}.Debug|Any CPU.Build.0 = Debug|Any CPU
		{62519423-2E62-494D-9CE9-A7F523052F62}.Debug|x86.ActiveCfg = Debug|Any CPU
		{62519423-2E62-494D-9CE9-A7F523052F62}.Debug|x86.Build.0 = Debug|Any CPU
		{62519423-2E62-494D-9CE9-A7F523052F62}.Release|Any CPU.ActiveCfg = Release|Any CPU
		{62519423-2E62-494D-9CE9-A7F523052F62}.Release|Any CPU.Build.0 = Release|Any CPU
		{62519423-2E62-494D-9CE9-A7F523052F62}.Release|x86.ActiveCfg = Release|Any CPU
		{62519423-2E62-494D-9CE9-A7F523052F62}.Release|x86.Build.0 = Release|Any CPU
		{AA90E5B4-A665-4253-BD3A-94CCF1B66324}.Debug|Any CPU.ActiveCfg = Debug|Any CPU
		{AA90E5B4-A665-4253-BD3A-94CCF1B66324}.Debug|Any CPU.Build.0 = Debug|Any CPU
		{AA90E5B4-A665-4253-BD3A-94CCF1B66324}.Debug|x86.ActiveCfg = Debug|Any CPU
		{AA90E5B4-A665-4253-BD3A-94CCF1B66324}.Debug|x86.Build.0 = Debug|Any CPU
		{AA90E5B4-A665-4253-BD3A-94CCF1B66324}.Release|Any CPU.ActiveCfg = Release|Any CPU
		{AA90E5B4-A665-4253-BD3A-94CCF1B66324}.Release|Any CPU.Build.0 = Release|Any CPU
		{AA90E5B4-A665-4253-BD3A-94CCF1B66324}.Release|x86.ActiveCfg = Release|Any CPU
		{AA90E5B4-A665-4253-BD3A-94CCF1B66324}.Release|x86.Build.0 = Release|Any CPU
		{A040F44B-57F3-4A1F-B08A-7E495723104F}.Debug|Any CPU.ActiveCfg = Debug|Any CPU
		{A040F44B-57F3-4A1F-B08A-7E495723104F}.Debug|Any CPU.Build.0 = Debug|Any CPU
		{A040F44B-57F3-4A1F-B08A-7E495723104F}.Debug|x86.ActiveCfg = Debug|Any CPU
		{A040F44B-57F3-4A1F-B08A-7E495723104F}.Debug|x86.Build.0 = Debug|Any CPU
		{A040F44B-57F3-4A1F-B08A-7E495723104F}.Release|Any CPU.ActiveCfg = Release|Any CPU
		{A040F44B-57F3-4A1F-B08A-7E495723104F}.Release|Any CPU.Build.0 = Release|Any CPU
		{A040F44B-57F3-4A1F-B08A-7E495723104F}.Release|x86.ActiveCfg = Release|Any CPU
		{A040F44B-57F3-4A1F-B08A-7E495723104F}.Release|x86.Build.0 = Release|Any CPU
		{13C143A5-E467-4B0C-8694-EA819D316D8E}.Debug|Any CPU.ActiveCfg = Debug|Any CPU
		{13C143A5-E467-4B0C-8694-EA819D316D8E}.Debug|Any CPU.Build.0 = Debug|Any CPU
		{13C143A5-E467-4B0C-8694-EA819D316D8E}.Debug|x86.ActiveCfg = Debug|Any CPU
		{13C143A5-E467-4B0C-8694-EA819D316D8E}.Debug|x86.Build.0 = Debug|Any CPU
		{13C143A5-E467-4B0C-8694-EA819D316D8E}.Release|Any CPU.ActiveCfg = Release|Any CPU
		{13C143A5-E467-4B0C-8694-EA819D316D8E}.Release|Any CPU.Build.0 = Release|Any CPU
		{13C143A5-E467-4B0C-8694-EA819D316D8E}.Release|x86.ActiveCfg = Release|Any CPU
		{13C143A5-E467-4B0C-8694-EA819D316D8E}.Release|x86.Build.0 = Release|Any CPU
		{F1D1E320-8C36-4F10-A97F-ECA50A83FA73}.Debug|Any CPU.ActiveCfg = Debug|Any CPU
		{F1D1E320-8C36-4F10-A97F-ECA50A83FA73}.Debug|Any CPU.Build.0 = Debug|Any CPU
		{F1D1E320-8C36-4F10-A97F-ECA50A83FA73}.Debug|x86.ActiveCfg = Debug|Any CPU
		{F1D1E320-8C36-4F10-A97F-ECA50A83FA73}.Debug|x86.Build.0 = Debug|Any CPU
		{F1D1E320-8C36-4F10-A97F-ECA50A83FA73}.Release|Any CPU.ActiveCfg = Release|Any CPU
		{F1D1E320-8C36-4F10-A97F-ECA50A83FA73}.Release|Any CPU.Build.0 = Release|Any CPU
		{F1D1E320-8C36-4F10-A97F-ECA50A83FA73}.Release|x86.ActiveCfg = Release|Any CPU
		{F1D1E320-8C36-4F10-A97F-ECA50A83FA73}.Release|x86.Build.0 = Release|Any CPU
		{4A78B260-F0A8-4393-B104-3426174B7FF5}.Debug|Any CPU.ActiveCfg = Debug|Any CPU
		{4A78B260-F0A8-4393-B104-3426174B7FF5}.Debug|Any CPU.Build.0 = Debug|Any CPU
		{4A78B260-F0A8-4393-B104-3426174B7FF5}.Debug|x86.ActiveCfg = Debug|Any CPU
		{4A78B260-F0A8-4393-B104-3426174B7FF5}.Debug|x86.Build.0 = Debug|Any CPU
		{4A78B260-F0A8-4393-B104-3426174B7FF5}.Release|Any CPU.ActiveCfg = Release|Any CPU
		{4A78B260-F0A8-4393-B104-3426174B7FF5}.Release|Any CPU.Build.0 = Release|Any CPU
		{4A78B260-F0A8-4393-B104-3426174B7FF5}.Release|x86.ActiveCfg = Release|Any CPU
		{4A78B260-F0A8-4393-B104-3426174B7FF5}.Release|x86.Build.0 = Release|Any CPU
		{F564DB9A-3C01-420F-92BE-E0EC8A4DAB75}.Debug|Any CPU.ActiveCfg = Debug|Any CPU
		{F564DB9A-3C01-420F-92BE-E0EC8A4DAB75}.Debug|Any CPU.Build.0 = Debug|Any CPU
		{F564DB9A-3C01-420F-92BE-E0EC8A4DAB75}.Debug|x86.ActiveCfg = Debug|Any CPU
		{F564DB9A-3C01-420F-92BE-E0EC8A4DAB75}.Debug|x86.Build.0 = Debug|Any CPU
		{F564DB9A-3C01-420F-92BE-E0EC8A4DAB75}.Release|Any CPU.ActiveCfg = Release|Any CPU
		{F564DB9A-3C01-420F-92BE-E0EC8A4DAB75}.Release|Any CPU.Build.0 = Release|Any CPU
		{F564DB9A-3C01-420F-92BE-E0EC8A4DAB75}.Release|x86.ActiveCfg = Release|Any CPU
		{F564DB9A-3C01-420F-92BE-E0EC8A4DAB75}.Release|x86.Build.0 = Release|Any CPU
		{D7CBEDDB-E082-44DC-B156-6F3B67717798}.Debug|Any CPU.ActiveCfg = Debug|Any CPU
		{D7CBEDDB-E082-44DC-B156-6F3B67717798}.Debug|Any CPU.Build.0 = Debug|Any CPU
		{D7CBEDDB-E082-44DC-B156-6F3B67717798}.Debug|x86.ActiveCfg = Debug|Any CPU
		{D7CBEDDB-E082-44DC-B156-6F3B67717798}.Debug|x86.Build.0 = Debug|Any CPU
		{D7CBEDDB-E082-44DC-B156-6F3B67717798}.Release|Any CPU.ActiveCfg = Release|Any CPU
		{D7CBEDDB-E082-44DC-B156-6F3B67717798}.Release|Any CPU.Build.0 = Release|Any CPU
		{D7CBEDDB-E082-44DC-B156-6F3B67717798}.Release|x86.ActiveCfg = Release|Any CPU
		{D7CBEDDB-E082-44DC-B156-6F3B67717798}.Release|x86.Build.0 = Release|Any CPU
		{84061266-02AE-4CB7-B12A-9F869D8D4A9D}.Debug|Any CPU.ActiveCfg = Debug|Any CPU
		{84061266-02AE-4CB7-B12A-9F869D8D4A9D}.Debug|Any CPU.Build.0 = Debug|Any CPU
		{84061266-02AE-4CB7-B12A-9F869D8D4A9D}.Debug|x86.ActiveCfg = Debug|Any CPU
		{84061266-02AE-4CB7-B12A-9F869D8D4A9D}.Debug|x86.Build.0 = Debug|Any CPU
		{84061266-02AE-4CB7-B12A-9F869D8D4A9D}.Release|Any CPU.ActiveCfg = Release|Any CPU
		{84061266-02AE-4CB7-B12A-9F869D8D4A9D}.Release|Any CPU.Build.0 = Release|Any CPU
		{84061266-02AE-4CB7-B12A-9F869D8D4A9D}.Release|x86.ActiveCfg = Release|Any CPU
		{84061266-02AE-4CB7-B12A-9F869D8D4A9D}.Release|x86.Build.0 = Release|Any CPU
		{7209AB34-9DE6-40E4-97E3-110053FCE865}.Debug|Any CPU.ActiveCfg = Debug|Any CPU
		{7209AB34-9DE6-40E4-97E3-110053FCE865}.Debug|Any CPU.Build.0 = Debug|Any CPU
		{7209AB34-9DE6-40E4-97E3-110053FCE865}.Debug|x86.ActiveCfg = Debug|Any CPU
		{7209AB34-9DE6-40E4-97E3-110053FCE865}.Debug|x86.Build.0 = Debug|Any CPU
		{7209AB34-9DE6-40E4-97E3-110053FCE865}.Release|Any CPU.ActiveCfg = Release|Any CPU
		{7209AB34-9DE6-40E4-97E3-110053FCE865}.Release|Any CPU.Build.0 = Release|Any CPU
		{7209AB34-9DE6-40E4-97E3-110053FCE865}.Release|x86.ActiveCfg = Release|Any CPU
		{7209AB34-9DE6-40E4-97E3-110053FCE865}.Release|x86.Build.0 = Release|Any CPU
	EndGlobalSection
	GlobalSection(SolutionProperties) = preSolution
		HideSolutionNode = FALSE
	EndGlobalSection
	GlobalSection(NestedProjects) = preSolution
		{B04C572F-81A1-45B8-A45D-5EBCFF92D315} = {00AC1671-3B55-4B38-BD1A-20EDD52D7D6B}
		{66DC8D4D-01C9-46AB-9C84-033D40606DF0} = {00AC1671-3B55-4B38-BD1A-20EDD52D7D6B}
		{51726A14-6C40-4E3F-B995-0A3EACB29BA5} = {00AC1671-3B55-4B38-BD1A-20EDD52D7D6B}
		{9C3C9480-F469-4CEA-A949-B66F987E1571} = {00AC1671-3B55-4B38-BD1A-20EDD52D7D6B}
		{F14C3C8A-4D54-4692-98DC-4FD7CD27F169} = {00AC1671-3B55-4B38-BD1A-20EDD52D7D6B}
		{F700380C-8301-4B59-B75B-3A6DB2ACDA40} = {00AC1671-3B55-4B38-BD1A-20EDD52D7D6B}
		{5D8FFD26-EE93-464A-BFE8-723173C2D0B6} = {8349179D-00C0-44A9-B8BB-847E56716F28}
		{506448BB-CC9A-4617-83CC-3CD2B1643A26} = {2AACD5CE-3E88-44CD-8E7C-326EAA8D20AB}
		{62519423-2E62-494D-9CE9-A7F523052F62} = {8349179D-00C0-44A9-B8BB-847E56716F28}
		{AA90E5B4-A665-4253-BD3A-94CCF1B66324} = {00AC1671-3B55-4B38-BD1A-20EDD52D7D6B}
		{A040F44B-57F3-4A1F-B08A-7E495723104F} = {00AC1671-3B55-4B38-BD1A-20EDD52D7D6B}
		{13C143A5-E467-4B0C-8694-EA819D316D8E} = {8349179D-00C0-44A9-B8BB-847E56716F28}
		{F1D1E320-8C36-4F10-A97F-ECA50A83FA73} = {2AACD5CE-3E88-44CD-8E7C-326EAA8D20AB}
		{4A78B260-F0A8-4393-B104-3426174B7FF5} = {00AC1671-3B55-4B38-BD1A-20EDD52D7D6B}
		{F564DB9A-3C01-420F-92BE-E0EC8A4DAB75} = {2AACD5CE-3E88-44CD-8E7C-326EAA8D20AB}
		{D7CBEDDB-E082-44DC-B156-6F3B67717798} = {2AACD5CE-3E88-44CD-8E7C-326EAA8D20AB}
		{84061266-02AE-4CB7-B12A-9F869D8D4A9D} = {2AACD5CE-3E88-44CD-8E7C-326EAA8D20AB}
		{7209AB34-9DE6-40E4-97E3-110053FCE865} = {2AACD5CE-3E88-44CD-8E7C-326EAA8D20AB}
	EndGlobalSection
	GlobalSection(ExtensibilityGlobals) = postSolution
		SolutionGuid = {0F786DDB-7411-4004-8E91-5BA539CA62FF}
	EndGlobalSection
EndGlobal
